
Microsoft Visual Studio Solution File, Format Version 12.00
Project("{FAE04EC0-301F-11D3-BF4B-00C04F79EFBC}") = "HugeDataService", "HugeDataService.csproj", "{D1A08257-3445-4276-A06C-621A39798711}"
EndProject
Global
	GlobalSection(SolutionConfigurationPlatforms) = preSolution
		Debug|Any CPU = Debug|Any CPU
		Release|Any CPU = Release|Any CPU
	EndGlobalSection
	GlobalSection(ProjectConfigurationPlatforms) = postSolution
		{D1A08257-3445-4276-A06C-621A39798711}.Debug|Any CPU.ActiveCfg = Debug|Any CPU
		{D1A08257-3445-4276-A06C-621A39798711}.Debug|Any CPU.Build.0 = Debug|Any CPU
		{D1A08257-3445-4276-A06C-621A39798711}.Release|Any CPU.ActiveCfg = Release|Any CPU
		{D1A08257-3445-4276-A06C-621A39798711}.Release|Any CPU.Build.0 = Release|Any CPU
	EndGlobalSection
EndGlobal
